{
  "name": "azure",
  "lockfileVersion": 2,
  "requires": true,
  "packages": {
    "": {
      "dependencies": {
        "@sap/cds": "^6.0.4"
      }
    },
    "node_modules/@sap/cds": {
      "version": "6.0.4",
      "resolved": "https://registry.npmjs.org/@sap/cds/-/cds-6.0.4.tgz",
      "integrity": "sha512-e94V1w2QXPCNxBXK/mMImo5wEx5rCkuUQTN1LFJwlmGO0CCjmsttagaE3Mx2fVm/lyite5a8NTEqYnbJwFLXYg==",
      "dependencies": {
        "@sap/cds-compiler": ">=2.13.0",
        "@sap/cds-foss": ">=3"
      },
      "bin": {
        "cds": "bin/cds.js"
      },
      "engines": {
        "node": ">=14.15.0"
      }
    },
    "node_modules/@sap/cds-compiler": {
      "version": "3.0.2",
      "resolved": "https://registry.npmjs.org/@sap/cds-compiler/-/cds-compiler-3.0.2.tgz",
      "integrity": "sha512-EI+cTYCNSGNEYJVnvHiQm+5WaxbR98TtQMgiH2q3EEMJG1w0ZHXL7Wgla8STHdlO1fSNETouNmyl9CVLPO1psQ==",
      "dependencies": {
        "antlr4": "4.9.3"
      },
      "bin": {
        "cdsc": "bin/cdsc.js",
        "cdshi": "bin/cdshi.js",
        "cdsse": "bin/cdsse.js"
      },
      "engines": {
        "node": ">=14"
      }
    },
    "node_modules/@sap/cds-foss": {
      "version": "4.0.0",
      "resolved": "https://registry.npmjs.org/@sap/cds-foss/-/cds-foss-4.0.0.tgz",
      "integrity": "sha512-66enuhyx+SdcIgdYstLGk31GFWDyK+Ch5+bWFRYJJ8340izZJlgyCYtHjZI1m9j4tNxWg9ZhkbFkXG5d80xWdw==",
      "dependencies": {
        "big.js": "^6.1.1",
        "generic-pool": "^3.8.2",
        "uuid": "^8.3.2",
        "xmlbuilder": "^15.1.1",
        "yaml": "^2.1.1"
      },
      "engines": {
        "node": ">=14"
      }
    },
    "node_modules/antlr4": {
      "version": "4.9.3",
      "resolved": "https://registry.npmjs.org/antlr4/-/antlr4-4.9.3.tgz",
      "integrity": "sha512-qNy2odgsa0skmNMCuxzXhM4M8J1YDaPv3TI+vCdnOAanu0N982wBrSqziDKRDctEZLZy9VffqIZXc0UGjjSP/g==",
      "engines": {
        "node": ">=14"
      }
    },
    "node_modules/big.js": {
      "version": "6.2.1",
      "resolved": "https://registry.npmjs.org/big.js/-/big.js-6.2.1.tgz",
      "integrity": "sha512-bCtHMwL9LeDIozFn+oNhhFoq+yQ3BNdnsLSASUxLciOb1vgvpHsIO1dsENiGMgbb4SkP5TrzWzRiLddn8ahVOQ==",
      "engines": {
        "node": "*"
      },
      "funding": {
        "type": "opencollective",
        "url": "https://opencollective.com/bigjs"
      }
    },
    "node_modules/generic-pool": {
      "version": "3.8.2",
      "resolved": "https://registry.npmjs.org/generic-pool/-/generic-pool-3.8.2.tgz",
      "integrity": "sha512-nGToKy6p3PAbYQ7p1UlWl6vSPwfwU6TMSWK7TTu+WUY4ZjyZQGniGGt2oNVvyNSpyZYSB43zMXVLcBm08MTMkg==",
      "engines": {
        "node": ">= 4"
      }
    },
    "node_modules/uuid": {
      "version": "8.3.2",
      "resolved": "https://registry.npmjs.org/uuid/-/uuid-8.3.2.tgz",
      "integrity": "sha512-+NYs2QeMWy+GWFOEm9xnn6HCDp0l7QBD7ml8zLUmJ+93Q5NF0NocErnwkTkXVFNiX3/fpC6afS8Dhb/gz7R7eg==",
      "bin": {
        "uuid": "dist/bin/uuid"
      }
    },
    "node_modules/xmlbuilder": {
      "version": "15.1.1",
      "resolved": "https://registry.npmjs.org/xmlbuilder/-/xmlbuilder-15.1.1.tgz",
      "integrity": "sha512-yMqGBqtXyeN1e3TGYvgNgDVZ3j84W4cwkOXQswghol6APgZWaff9lnbvN7MHYJOiXsvGPXtjTYJEiC9J2wv9Eg==",
      "engines": {
        "node": ">=8.0"
      }
    },
    "node_modules/yaml": {
      "version": "2.1.1",
      "resolved": "https://registry.npmjs.org/yaml/-/yaml-2.1.1.tgz",
      "integrity": "sha512-o96x3OPo8GjWeSLF+wOAbrPfhFOGY0W00GNaxCDv+9hkcDJEnev1yh8S7pgHF0ik6zc8sQLuL8hjHjJULZp8bw==",
      "engines": {
        "node": ">= 14"
      }
    }
  },
  "dependencies": {
    "@sap/cds": {
      "version": "6.0.4",
      "resolved": "https://registry.npmjs.org/@sap/cds/-/cds-6.0.4.tgz",
      "integrity": "sha512-e94V1w2QXPCNxBXK/mMImo5wEx5rCkuUQTN1LFJwlmGO0CCjmsttagaE3Mx2fVm/lyite5a8NTEqYnbJwFLXYg==",
      "requires": {
        "@sap/cds-compiler": ">=2.13.0",
        "@sap/cds-foss": ">=3"
      }
    },
    "@sap/cds-compiler": {
      "version": "3.0.2",
      "resolved": "https://registry.npmjs.org/@sap/cds-compiler/-/cds-compiler-3.0.2.tgz",
      "integrity": "sha512-EI+cTYCNSGNEYJVnvHiQm+5WaxbR98TtQMgiH2q3EEMJG1w0ZHXL7Wgla8STHdlO1fSNETouNmyl9CVLPO1psQ==",
      "requires": {
        "antlr4": "4.9.3"
      }
    },
    "@sap/cds-foss": {
      "version": "4.0.0",
      "resolved": "https://registry.npmjs.org/@sap/cds-foss/-/cds-foss-4.0.0.tgz",
      "integrity": "sha512-66enuhyx+SdcIgdYstLGk31GFWDyK+Ch5+bWFRYJJ8340izZJlgyCYtHjZI1m9j4tNxWg9ZhkbFkXG5d80xWdw==",
      "requires": {
        "big.js": "^6.1.1",
        "generic-pool": "^3.8.2",
        "uuid": "^8.3.2",
        "xmlbuilder": "^15.1.1",
        "yaml": "^2.1.1"
      }
    },
    "antlr4": {
      "version": "4.9.3",
      "resolved": "https://registry.npmjs.org/antlr4/-/antlr4-4.9.3.tgz",
      "integrity": "sha512-qNy2odgsa0skmNMCuxzXhM4M8J1YDaPv3TI+vCdnOAanu0N982wBrSqziDKRDctEZLZy9VffqIZXc0UGjjSP/g=="
    },
    "big.js": {
      "version": "6.2.1",
      "resolved": "https://registry.npmjs.org/big.js/-/big.js-6.2.1.tgz",
      "integrity": "sha512-bCtHMwL9LeDIozFn+oNhhFoq+yQ3BNdnsLSASUxLciOb1vgvpHsIO1dsENiGMgbb4SkP5TrzWzRiLddn8ahVOQ=="
    },
    "generic-pool": {
      "version": "3.8.2",
      "resolved": "https://registry.npmjs.org/generic-pool/-/generic-pool-3.8.2.tgz",
      "integrity": "sha512-nGToKy6p3PAbYQ7p1UlWl6vSPwfwU6TMSWK7TTu+WUY4ZjyZQGniGGt2oNVvyNSpyZYSB43zMXVLcBm08MTMkg=="
    },
    "uuid": {
      "version": "8.3.2",
      "resolved": "https://registry.npmjs.org/uuid/-/uuid-8.3.2.tgz",
      "integrity": "sha512-+NYs2QeMWy+GWFOEm9xnn6HCDp0l7QBD7ml8zLUmJ+93Q5NF0NocErnwkTkXVFNiX3/fpC6afS8Dhb/gz7R7eg=="
    },
    "xmlbuilder": {
      "version": "15.1.1",
      "resolved": "https://registry.npmjs.org/xmlbuilder/-/xmlbuilder-15.1.1.tgz",
      "integrity": "sha512-yMqGBqtXyeN1e3TGYvgNgDVZ3j84W4cwkOXQswghol6APgZWaff9lnbvN7MHYJOiXsvGPXtjTYJEiC9J2wv9Eg=="
    },
    "yaml": {
      "version": "2.1.1",
      "resolved": "https://registry.npmjs.org/yaml/-/yaml-2.1.1.tgz",
      "integrity": "sha512-o96x3OPo8GjWeSLF+wOAbrPfhFOGY0W00GNaxCDv+9hkcDJEnev1yh8S7pgHF0ik6zc8sQLuL8hjHjJULZp8bw=="
    }
  }
}
